
Microsoft Visual Studio Solution File, Format Version 12.00
# Visual Studio 15
VisualStudioVersion = 15.0.27428.2015
MinimumVisualStudioVersion = 10.0.40219.1
Project("{FAE04EC0-301F-11D3-BF4B-00C04F79EFBC}") = "GenerateFguiResPackageConfig", "GenerateFguiResPackageConfig\GenerateFguiResPackageConfig.csproj", "{7B29E942-3F9B-4C7C-B1DF-CED156A6AC4B}"
EndProject
Global
	GlobalSection(SolutionConfigurationPlatforms) = preSolution
		Debug|Any CPU = Debug|Any CPU
		Release|Any CPU = Release|Any CPU
	EndGlobalSection
	GlobalSection(ProjectConfigurationPlatforms) = postSolution
		{7B29E942-3F9B-4C7C-B1DF-CED156A6AC4B}.Debug|Any CPU.ActiveCfg = Debug|Any CPU
		{7B29E942-3F9B-4C7C-B1DF-CED156A6AC4B}.Debug|Any CPU.Build.0 = Debug|Any CPU
		{7B29E942-3F9B-4C7C-B1DF-CED156A6AC4B}.Release|Any CPU.ActiveCfg = Release|Any CPU
		{7B29E942-3F9B-4C7C-B1DF-CED156A6AC4B}.Release|Any CPU.Build.0 = Release|Any CPU
	EndGlobalSection
	GlobalSection(SolutionProperties) = preSolution
		HideSolutionNode = FALSE
	EndGlobalSection
	GlobalSection(ExtensibilityGlobals) = postSolution
		SolutionGuid = {0BD1F13D-CBB2-421D-8525-46652DA66FF2}
	EndGlobalSection
EndGlobal
